// !$*UTF8*$!
{
	archiveVersion = 1;
	classes = {
	};
	objectVersion = 56;
	objects = {

/* Begin PBXBuildFile section */
		498376112DD98D89005CA1A4 /* CoffeeFinderApp.swift in Sources */ = {isa = PBXBuildFile; fileRef = 498376102DD98D89005CA1A4 /* CoffeeFinderApp.swift */; };
		498376152DD98D8E005CA1A4 /* Assets.xcassets in Resources */ = {isa = PBXBuildFile; fileRef = 498376142DD98D8E005CA1A4 /* Assets.xcassets */; };
		498376182DD98D8E005CA1A4 /* Preview Assets.xcassets in Resources */ = {isa = PBXBuildFile; fileRef = 498376172DD98D8E005CA1A4 /* Preview Assets.xcassets */; };
		498376222DD98D8E005CA1A4 /* CoffeeFinderTests.swift in Sources */ = {isa = PBXBuildFile; fileRef = 498376212DD98D8E005CA1A4 /* CoffeeFinderTests.swift */; };
		4983762C2DD98D8E005CA1A4 /* CoffeeFinderUITests.swift in Sources */ = {isa = PBXBuildFile; fileRef = 4983762B2DD98D8E005CA1A4 /* CoffeeFinderUITests.swift */; };
		4983762E2DD98D8E005CA1A4 /* CoffeeFinderUITestsLaunchTests.swift in Sources */ = {isa = PBXBuildFile; fileRef = 4983762D2DD98D8E005CA1A4 /* CoffeeFinderUITestsLaunchTests.swift */; };
		498376402DD98FAE005CA1A4 /* CoffeeShop.swift in Sources */ = {isa = PBXBuildFile; fileRef = 4983763F2DD98FAE005CA1A4 /* CoffeeShop.swift */; };
		498376452DD99080005CA1A4 /* ContentView.swift in Sources */ = {isa = PBXBuildFile; fileRef = 498376442DD99080005CA1A4 /* ContentView.swift */; };
		498376472DD9909E005CA1A4 /* LocationManager.swift in Sources */ = {isa = PBXBuildFile; fileRef = 498376462DD9909E005CA1A4 /* LocationManager.swift */; };
		4983764A2DD991DA005CA1A4 /* CoffeeShopProvider.swift in Sources */ = {isa = PBXBuildFile; fileRef = 498376492DD991DA005CA1A4 /* CoffeeShopProvider.swift */; };
		49AB4AF62DD995B200F5CE03 /* MapView.swift in Sources */ = {isa = PBXBuildFile; fileRef = 49AB4AF52DD995B200F5CE03 /* MapView.swift */; };
/* End PBXBuildFile section */

/* Begin PBXContainerItemProxy section */
		4983761E2DD98D8E005CA1A4 /* PBXContainerItemProxy */ = {
			isa = PBXContainerItemProxy;
			containerPortal = 498376052DD98D88005CA1A4 /* Project object */;
			proxyType = 1;
			remoteGlobalIDString = 4983760C2DD98D89005CA1A4;
			remoteInfo = CoffeeFinder;
		};
		498376282DD98D8E005CA1A4 /* PBXContainerItemProxy */ = {
			isa = PBXContainerItemProxy;
			containerPortal = 498376052DD98D88005CA1A4 /* Project object */;
			proxyType = 1;
			remoteGlobalIDString = 4983760C2DD98D89005CA1A4;
			remoteInfo = CoffeeFinder;
		};
/* End PBXContainerItemProxy section */

/* Begin PBXFileReference section */
		4983760D2DD98D89005CA1A4 /* CoffeeFinder.app */ = {isa = PBXFileReference; explicitFileType = wrapper.application; includeInIndex = 0; path = CoffeeFinder.app; sourceTree = BUILT_PRODUCTS_DIR; };
		498376102DD98D89005CA1A4 /* CoffeeFinderApp.swift */ = {isa = PBXFileReference; lastKnownFileType = sourcecode.swift; path = CoffeeFinderApp.swift; sourceTree = "<group>"; };
		498376142DD98D8E005CA1A4 /* Assets.xcassets */ = {isa = PBXFileReference; lastKnownFileType = folder.assetcatalog; path = Assets.xcassets; sourceTree = "<group>"; };
		498376172DD98D8E005CA1A4 /* Preview Assets.xcassets */ = {isa = PBXFileReference; lastKnownFileType = folder.assetcatalog; path = "Preview Assets.xcassets"; sourceTree = "<group>"; };
		4983761D2DD98D8E005CA1A4 /* CoffeeFinderTests.xctest */ = {isa = PBXFileReference; explicitFileType = wrapper.cfbundle; includeInIndex = 0; path = CoffeeFinderTests.xctest; sourceTree = BUILT_PRODUCTS_DIR; };
		498376212DD98D8E005CA1A4 /* CoffeeFinderTests.swift */ = {isa = PBXFileReference; lastKnownFileType = sourcecode.swift; path = CoffeeFinderTests.swift; sourceTree = "<group>"; };
		498376272DD98D8E005CA1A4 /* CoffeeFinderUITests.xctest */ = {isa = PBXFileReference; explicitFileType = wrapper.cfbundle; includeInIndex = 0; path = CoffeeFinderUITests.xctest; sourceTree = BUILT_PRODUCTS_DIR; };
		4983762B2DD98D8E005CA1A4 /* CoffeeFinderUITests.swift */ = {isa = PBXFileReference; lastKnownFileType = sourcecode.swift; path = CoffeeFinderUITests.swift; sourceTree = "<group>"; };
		4983762D2DD98D8E005CA1A4 /* CoffeeFinderUITestsLaunchTests.swift */ = {isa = PBXFileReference; lastKnownFileType = sourcecode.swift; path = CoffeeFinderUITestsLaunchTests.swift; sourceTree = "<group>"; };
		4983763F2DD98FAE005CA1A4 /* CoffeeShop.swift */ = {isa = PBXFileReference; lastKnownFileType = sourcecode.swift; path = CoffeeShop.swift; sourceTree = "<group>"; };
		498376442DD99080005CA1A4 /* ContentView.swift */ = {isa = PBXFileReference; lastKnownFileType = sourcecode.swift; path = ContentView.swift; sourceTree = "<group>"; };
		498376462DD9909E005CA1A4 /* LocationManager.swift */ = {isa = PBXFileReference; lastKnownFileType = sourcecode.swift; path = LocationManager.swift; sourceTree = "<group>"; };
		498376482DD99137005CA1A4 /* Info.plist */ = {isa = PBXFileReference; lastKnownFileType = text.plist; path = Info.plist; sourceTree = "<group>"; };
		498376492DD991DA005CA1A4 /* CoffeeShopProvider.swift */ = {isa = PBXFileReference; lastKnownFileType = sourcecode.swift; path = CoffeeShopProvider.swift; sourceTree = "<group>"; };
		49AB4AF52DD995B200F5CE03 /* MapView.swift */ = {isa = PBXFileReference; lastKnownFileType = sourcecode.swift; path = MapView.swift; sourceTree = "<group>"; };
/* End PBXFileReference section */

/* Begin PBXFrameworksBuildPhase section */
		4983760A2DD98D89005CA1A4 /* Frameworks */ = {
			isa = PBXFrameworksBuildPhase;
			buildActionMask = 2147483647;
			files = (
			);
			runOnlyForDeploymentPostprocessing = 0;
		};
		4983761A2DD98D8E005CA1A4 /* Frameworks */ = {
			isa = PBXFrameworksBuildPhase;
			buildActionMask = 2147483647;
			files = (
			);
			runOnlyForDeploymentPostprocessing = 0;
		};
		498376242DD98D8E005CA1A4 /* Frameworks */ = {
			isa = PBXFrameworksBuildPhase;
			buildActionMask = 2147483647;
			files = (
			);
			runOnlyForDeploymentPostprocessing = 0;
		};
/* End PBXFrameworksBuildPhase section */

/* Begin PBXGroup section */
		498376042DD98D88005CA1A4 = {
			isa = PBXGroup;
			children = (
				498376432DD9905D005CA1A4 /* Utilities */,
				498376412DD9904F005CA1A4 /* Features */,
				4983763B2DD98F80005CA1A4 /* Core */,
				4983760F2DD98D89005CA1A4 /* CoffeeFinder */,
				498376202DD98D8E005CA1A4 /* CoffeeFinderTests */,
				4983762A2DD98D8E005CA1A4 /* CoffeeFinderUITests */,
				4983760E2DD98D89005CA1A4 /* Products */,
			);
			sourceTree = "<group>";
		};
		4983760E2DD98D89005CA1A4 /* Products */ = {
			isa = PBXGroup;
			children = (
				4983760D2DD98D89005CA1A4 /* CoffeeFinder.app */,
				4983761D2DD98D8E005CA1A4 /* CoffeeFinderTests.xctest */,
				498376272DD98D8E005CA1A4 /* CoffeeFinderUITests.xctest */,
			);
			name = Products;
			sourceTree = "<group>";
		};
		4983760F2DD98D89005CA1A4 /* CoffeeFinder */ = {
			isa = PBXGroup;
			children = (
				498376482DD99137005CA1A4 /* Info.plist */,
				498376102DD98D89005CA1A4 /* CoffeeFinderApp.swift */,
				498376142DD98D8E005CA1A4 /* Assets.xcassets */,
				498376162DD98D8E005CA1A4 /* Preview Content */,
			);
			path = CoffeeFinder;
			sourceTree = "<group>";
		};
		498376162DD98D8E005CA1A4 /* Preview Content */ = {
			isa = PBXGroup;
			children = (
				498376172DD98D8E005CA1A4 /* Preview Assets.xcassets */,
			);
			path = "Preview Content";
			sourceTree = "<group>";
		};
		498376202DD98D8E005CA1A4 /* CoffeeFinderTests */ = {
			isa = PBXGroup;
			children = (
				498376212DD98D8E005CA1A4 /* CoffeeFinderTests.swift */,
			);
			path = CoffeeFinderTests;
			sourceTree = "<group>";
		};
		4983762A2DD98D8E005CA1A4 /* CoffeeFinderUITests */ = {
			isa = PBXGroup;
			children = (
				4983762B2DD98D8E005CA1A4 /* CoffeeFinderUITests.swift */,
				4983762D2DD98D8E005CA1A4 /* CoffeeFinderUITestsLaunchTests.swift */,
			);
			path = CoffeeFinderUITests;
			sourceTree = "<group>";
		};
		4983763B2DD98F80005CA1A4 /* Core */ = {
			isa = PBXGroup;
			children = (
				4983763C2DD98F80005CA1A4 /* Location */,
				4983763D2DD98F80005CA1A4 /* Navigation */,
				4983763E2DD98F80005CA1A4 /* Data */,
			);
			path = Core;
			sourceTree = "<group>";
		};
		4983763C2DD98F80005CA1A4 /* Location */ = {
			isa = PBXGroup;
			children = (
				498376462DD9909E005CA1A4 /* LocationManager.swift */,
			);
			path = Location;
			sourceTree = "<group>";
		};
		4983763D2DD98F80005CA1A4 /* Navigation */ = {
			isa = PBXGroup;
			children = (
			);
			path = Navigation;
			sourceTree = "<group>";
		};
		4983763E2DD98F80005CA1A4 /* Data */ = {
			isa = PBXGroup;
			children = (
				4983763F2DD98FAE005CA1A4 /* CoffeeShop.swift */,
				498376492DD991DA005CA1A4 /* CoffeeShopProvider.swift */,
			);
			path = Data;
			sourceTree = "<group>";
		};
		498376412DD9904F005CA1A4 /* Features */ = {
			isa = PBXGroup;
			children = (
				498376422DD9904F005CA1A4 /* MainView */,
			);
			path = Features;
			sourceTree = "<group>";
		};
		498376422DD9904F005CA1A4 /* MainView */ = {
			isa = PBXGroup;
			children = (
				498376442DD99080005CA1A4 /* ContentView.swift */,
				49AB4AF52DD995B200F5CE03 /* MapView.swift */,
			);
			path = MainView;
			sourceTree = "<group>";
		};
		498376432DD9905D005CA1A4 /* Utilities */ = {
			isa = PBXGroup;
			children = (
			);
			path = Utilities;
			sourceTree = "<group>";
		};
/* End PBXGroup section */

/* Begin PBXNativeTarget section */
		4983760C2DD98D89005CA1A4 /* CoffeeFinder */ = {
			isa = PBXNativeTarget;
			buildConfigurationList = 498376312DD98D8E005CA1A4 /* Build configuration list for PBXNativeTarget "CoffeeFinder" */;
			buildPhases = (
				498376092DD98D89005CA1A4 /* Sources */,
				4983760A2DD98D89005CA1A4 /* Frameworks */,
				4983760B2DD98D89005CA1A4 /* Resources */,
			);
			buildRules = (
			);
			dependencies = (
			);
			name = CoffeeFinder;
			productName = CoffeeFinder;
			productReference = 4983760D2DD98D89005CA1A4 /* CoffeeFinder.app */;
			productType = "com.apple.product-type.application";
		};
		4983761C2DD98D8E005CA1A4 /* CoffeeFinderTests */ = {
			isa = PBXNativeTarget;
			buildConfigurationList = 498376342DD98D8E005CA1A4 /* Build configuration list for PBXNativeTarget "CoffeeFinderTests" */;
			buildPhases = (
				498376192DD98D8E005CA1A4 /* Sources */,
				4983761A2DD98D8E005CA1A4 /* Frameworks */,
				4983761B2DD98D8E005CA1A4 /* Resources */,
			);
			buildRules = (
			);
			dependencies = (
				4983761F2DD98D8E005CA1A4 /* PBXTargetDependency */,
			);
			name = CoffeeFinderTests;
			productName = CoffeeFinderTests;
			productReference = 4983761D2DD98D8E005CA1A4 /* CoffeeFinderTests.xctest */;
			productType = "com.apple.product-type.bundle.unit-test";
		};
		498376262DD98D8E005CA1A4 /* CoffeeFinderUITests */ = {
			isa = PBXNativeTarget;
			buildConfigurationList = 498376372DD98D8E005CA1A4 /* Build configuration list for PBXNativeTarget "CoffeeFinderUITests" */;
			buildPhases = (
				498376232DD98D8E005CA1A4 /* Sources */,
				498376242DD98D8E005CA1A4 /* Frameworks */,
				498376252DD98D8E005CA1A4 /* Resources */,
			);
			buildRules = (
			);
			dependencies = (
				498376292DD98D8E005CA1A4 /* PBXTargetDependency */,
			);
			name = CoffeeFinderUITests;
			productName = CoffeeFinderUITests;
			productReference = 498376272DD98D8E005CA1A4 /* CoffeeFinderUITests.xctest */;
			productType = "com.apple.product-type.bundle.ui-testing";
		};
/* End PBXNativeTarget section */

/* Begin PBXProject section */
		498376052DD98D88005CA1A4 /* Project object */ = {
			isa = PBXProject;
			attributes = {
				BuildIndependentTargetsInParallel = 1;
				LastSwiftUpdateCheck = 1520;
				LastUpgradeCheck = 1520;
				TargetAttributes = {
					4983760C2DD98D89005CA1A4 = {
						CreatedOnToolsVersion = 15.2;
					};
					4983761C2DD98D8E005CA1A4 = {
						CreatedOnToolsVersion = 15.2;
						TestTargetID = 4983760C2DD98D89005CA1A4;
					};
					498376262DD98D8E005CA1A4 = {
						CreatedOnToolsVersion = 15.2;
						TestTargetID = 4983760C2DD98D89005CA1A4;
					};
				};
			};
			buildConfigurationList = 498376082DD98D88005CA1A4 /* Build configuration list for PBXProject "CoffeeFinder" */;
			compatibilityVersion = "Xcode 14.0";
			developmentRegion = en;
			hasScannedForEncodings = 0;
			knownRegions = (
				en,
				Base,
			);
			mainGroup = 498376042DD98D88005CA1A4;
			productRefGroup = 4983760E2DD98D89005CA1A4 /* Products */;
			projectDirPath = "";
			projectRoot = "";
			targets = (
				4983760C2DD98D89005CA1A4 /* CoffeeFinder */,
				4983761C2DD98D8E005CA1A4 /* CoffeeFinderTests */,
				498376262DD98D8E005CA1A4 /* CoffeeFinderUITests */,
			);
		};
/* End PBXProject section */

/* Begin PBXResourcesBuildPhase section */
		4983760B2DD98D89005CA1A4 /* Resources */ = {
			isa = PBXResourcesBuildPhase;
			buildActionMask = 2147483647;
			files = (
				498376182DD98D8E005CA1A4 /* Preview Assets.xcassets in Resources */,
				498376152DD98D8E005CA1A4 /* Assets.xcassets in Resources */,
			);
			runOnlyForDeploymentPostprocessing = 0;
		};
		4983761B2DD98D8E005CA1A4 /* Resources */ = {
			isa = PBXResourcesBuildPhase;
			buildActionMask = 2147483647;
			files = (
			);
			runOnlyForDeploymentPostprocessing = 0;
		};
		498376252DD98D8E005CA1A4 /* Resources */ = {
			isa = PBXResourcesBuildPhase;
			buildActionMask = 2147483647;
			files = (
			);
			runOnlyForDeploymentPostprocessing = 0;
		};
/* End PBXResourcesBuildPhase section */

/* Begin PBXSourcesBuildPhase section */
		498376092DD98D89005CA1A4 /* Sources */ = {
			isa = PBXSourcesBuildPhase;
			buildActionMask = 2147483647;
			files = (
				4983764A2DD991DA005CA1A4 /* CoffeeShopProvider.swift in Sources */,
				49AB4AF62DD995B200F5CE03 /* MapView.swift in Sources */,
				498376402DD98FAE005CA1A4 /* CoffeeShop.swift in Sources */,
				498376472DD9909E005CA1A4 /* LocationManager.swift in Sources */,
				498376452DD99080005CA1A4 /* ContentView.swift in Sources */,
				498376112DD98D89005CA1A4 /* CoffeeFinderApp.swift in Sources */,
			);
			runOnlyForDeploymentPostprocessing = 0;
		};
		498376192DD98D8E005CA1A4 /* Sources */ = {
			isa = PBXSourcesBuildPhase;
			buildActionMask = 2147483647;
			files = (
				498376222DD98D8E005CA1A4 /* CoffeeFinderTests.swift in Sources */,
			);
			runOnlyForDeploymentPostprocessing = 0;
		};
		498376232DD98D8E005CA1A4 /* Sources */ = {
			isa = PBXSourcesBuildPhase;
			buildActionMask = 2147483647;
			files = (
				4983762E2DD98D8E005CA1A4 /* CoffeeFinderUITestsLaunchTests.swift in Sources */,
				4983762C2DD98D8E005CA1A4 /* CoffeeFinderUITests.swift in Sources */,
			);
			runOnlyForDeploymentPostprocessing = 0;
		};
/* End PBXSourcesBuildPhase section */

/* Begin PBXTargetDependency section */
		4983761F2DD98D8E005CA1A4 /* PBXTargetDependency */ = {
			isa = PBXTargetDependency;
			target = 4983760C2DD98D89005CA1A4 /* CoffeeFinder */;
			targetProxy = 4983761E2DD98D8E005CA1A4 /* PBXContainerItemProxy */;
		};
		498376292DD98D8E005CA1A4 /* PBXTargetDependency */ = {
			isa = PBXTargetDependency;
			target = 4983760C2DD98D89005CA1A4 /* CoffeeFinder */;
			targetProxy = 498376282DD98D8E005CA1A4 /* PBXContainerItemProxy */;
		};
/* End PBXTargetDependency section */

/* Begin XCBuildConfiguration section */
		4983762F2DD98D8E005CA1A4 /* Debug */ = {
			isa = XCBuildConfiguration;
			buildSettings = {
				ALWAYS_SEARCH_USER_PATHS = NO;
				ASSETCATALOG_COMPILER_GENERATE_SWIFT_ASSET_SYMBOL_EXTENSIONS = YES;
				CLANG_ANALYZER_NONNULL = YES;
				CLANG_ANALYZER_NUMBER_OBJECT_CONVERSION = YES_AGGRESSIVE;
				CLANG_CXX_LANGUAGE_STANDARD = "gnu++20";
				CLANG_ENABLE_MODULES = YES;
				CLANG_ENABLE_OBJC_ARC = YES;
				CLANG_ENABLE_OBJC_WEAK = YES;
				CLANG_WARN_BLOCK_CAPTURE_AUTORELEASING = YES;
				CLANG_WARN_BOOL_CONVERSION = YES;
				CLANG_WARN_COMMA = YES;
				CLANG_WARN_CONSTANT_CONVERSION = YES;
				CLANG_WARN_DEPRECATED_OBJC_IMPLEMENTATIONS = YES;
				CLANG_WARN_DIRECT_OBJC_ISA_USAGE = YES_ERROR;
				CLANG_WARN_DOCUMENTATION_COMMENTS = YES;
				CLANG_WARN_EMPTY_BODY = YES;
				CLANG_WARN_ENUM_CONVERSION = YES;
				CLANG_WARN_INFINITE_RECURSION = YES;
				CLANG_WARN_INT_CONVERSION = YES;
				CLANG_WARN_NON_LITERAL_NULL_CONVERSION = YES;
				CLANG_WARN_OBJC_IMPLICIT_RETAIN_SELF = YES;
				CLANG_WARN_OBJC_LITERAL_CONVERSION = YES;
				CLANG_WARN_OBJC_ROOT_CLASS = YES_ERROR;
				CLANG_WARN_QUOTED_INCLUDE_IN_FRAMEWORK_HEADER = YES;
				CLANG_WARN_RANGE_LOOP_ANALYSIS = YES;
				CLANG_WARN_STRICT_PROTOTYPES = YES;
				CLANG_WARN_SUSPICIOUS_MOVE = YES;
				CLANG_WARN_UNGUARDED_AVAILABILITY = YES_AGGRESSIVE;
				CLANG_WARN_UNREACHABLE_CODE = YES;
				CLANG_WARN__DUPLICATE_METHOD_MATCH = YES;
				COPY_PHASE_STRIP = NO;
				DEBUG_INFORMATION_FORMAT = dwarf;
				ENABLE_STRICT_OBJC_MSGSEND = YES;
				ENABLE_TESTABILITY = YES;
				ENABLE_USER_SCRIPT_SANDBOXING = YES;
				GCC_C_LANGUAGE_STANDARD = gnu17;
				GCC_DYNAMIC_NO_PIC = NO;
				GCC_NO_COMMON_BLOCKS = YES;
				GCC_OPTIMIZATION_LEVEL = 0;
				GCC_PREPROCESSOR_DEFINITIONS = (
					"DEBUG=1",
					"$(inherited)",
				);
				GCC_WARN_64_TO_32_BIT_CONVERSION = YES;
				GCC_WARN_ABOUT_RETURN_TYPE = YES_ERROR;
				GCC_WARN_UNDECLARED_SELECTOR = YES;
				GCC_WARN_UNINITIALIZED_AUTOS = YES_AGGRESSIVE;
				GCC_WARN_UNUSED_FUNCTION = YES;
				GCC_WARN_UNUSED_VARIABLE = YES;
				IPHONEOS_DEPLOYMENT_TARGET = 17.2;
				LOCALIZATION_PREFERS_STRING_CATALOGS = YES;
				MTL_ENABLE_DEBUG_INFO = INCLUDE_SOURCE;
				MTL_FAST_MATH = YES;
				ONLY_ACTIVE_ARCH = YES;
				SDKROOT = iphoneos;
				SWIFT_ACTIVE_COMPILATION_CONDITIONS = "DEBUG $(inherited)";
				SWIFT_OPTIMIZATION_LEVEL = "-Onone";
			};
			name = Debug;
		};
		498376302DD98D8E005CA1A4 /* Release */ = {
			isa = XCBuildConfiguration;
			buildSettings = {
				ALWAYS_SEARCH_USER_PATHS = NO;
				ASSETCATALOG_COMPILER_GENERATE_SWIFT_ASSET_SYMBOL_EXTENSIONS = YES;
				CLANG_ANALYZER_NONNULL = YES;
				CLANG_ANALYZER_NUMBER_OBJECT_CONVERSION = YES_AGGRESSIVE;
				CLANG_CXX_LANGUAGE_STANDARD = "gnu++20";
				CLANG_ENABLE_MODULES = YES;
				CLANG_ENABLE_OBJC_ARC = YES;
				CLANG_ENABLE_OBJC_WEAK = YES;
				CLANG_WARN_BLOCK_CAPTURE_AUTORELEASING = YES;
				CLANG_WARN_BOOL_CONVERSION = YES;
				CLANG_WARN_COMMA = YES;
				CLANG_WARN_CONSTANT_CONVERSION = YES;
				CLANG_WARN_DEPRECATED_OBJC_IMPLEMENTATIONS = YES;
				CLANG_WARN_DIRECT_OBJC_ISA_USAGE = YES_ERROR;
				CLANG_WARN_DOCUMENTATION_COMMENTS = YES;
				CLANG_WARN_EMPTY_BODY = YES;
				CLANG_WARN_ENUM_CONVERSION = YES;
				CLANG_WARN_INFINITE_RECURSION = YES;
				CLANG_WARN_INT_CONVERSION = YES;
				CLANG_WARN_NON_LITERAL_NULL_CONVERSION = YES;
				CLANG_WARN_OBJC_IMPLICIT_RETAIN_SELF = YES;
				CLANG_WARN_OBJC_LITERAL_CONVERSION = YES;
				CLANG_WARN_OBJC_ROOT_CLASS = YES_ERROR;
				CLANG_WARN_QUOTED_INCLUDE_IN_FRAMEWORK_HEADER = YES;
				CLANG_WARN_RANGE_LOOP_ANALYSIS = YES;
				CLANG_WARN_STRICT_PROTOTYPES = YES;
				CLANG_WARN_SUSPICIOUS_MOVE = YES;
				CLANG_WARN_UNGUARDED_AVAILABILITY = YES_AGGRESSIVE;
				CLANG_WARN_UNREACHABLE_CODE = YES;
				CLANG_WARN__DUPLICATE_METHOD_MATCH = YES;
				COPY_PHASE_STRIP = NO;
				DEBUG_INFORMATION_FORMAT = "dwarf-with-dsym";
				ENABLE_NS_ASSERTIONS = NO;
				ENABLE_STRICT_OBJC_MSGSEND = YES;
				ENABLE_USER_SCRIPT_SANDBOXING = YES;
				GCC_C_LANGUAGE_STANDARD = gnu17;
				GCC_NO_COMMON_BLOCKS = YES;
				GCC_WARN_64_TO_32_BIT_CONVERSION = YES;
				GCC_WARN_ABOUT_RETURN_TYPE = YES_ERROR;
				GCC_WARN_UNDECLARED_SELECTOR = YES;
				GCC_WARN_UNINITIALIZED_AUTOS = YES_AGGRESSIVE;
				GCC_WARN_UNUSED_FUNCTION = YES;
				GCC_WARN_UNUSED_VARIABLE = YES;
				IPHONEOS_DEPLOYMENT_TARGET = 17.2;
				LOCALIZATION_PREFERS_STRING_CATALOGS = YES;
				MTL_ENABLE_DEBUG_INFO = NO;
				MTL_FAST_MATH = YES;
				SDKROOT = iphoneos;
				SWIFT_COMPILATION_MODE = wholemodule;
				VALIDATE_PRODUCT = YES;
			};
			name = Release;
		};
		498376322DD98D8E005CA1A4 /* Debug */ = {
			isa = XCBuildConfiguration;
			buildSettings = {
				ASSETCATALOG_COMPILER_APPICON_NAME = AppIcon;
				ASSETCATALOG_COMPILER_GLOBAL_ACCENT_COLOR_NAME = AccentColor;
				CODE_SIGN_STYLE = Automatic;
				CURRENT_PROJECT_VERSION = 1;
				DEVELOPMENT_ASSET_PATHS = "\"CoffeeFinder/Preview Content\"";
				DEVELOPMENT_TEAM = KH982VV2LW;
				ENABLE_PREVIEWS = YES;
				GENERATE_INFOPLIST_FILE = YES;
				INFOPLIST_FILE = CoffeeFinder/Info.plist;
				INFOPLIST_KEY_UIApplicationSceneManifest_Generation = YES;
				INFOPLIST_KEY_UIApplicationSupportsIndirectInputEvents = YES;
				INFOPLIST_KEY_UILaunchScreen_Generation = YES;
				INFOPLIST_KEY_UISupportedInterfaceOrientations_iPad = "UIInterfaceOrientationPortrait UIInterfaceOrientationPortraitUpsideDown UIInterfaceOrientationLandscapeLeft UIInterfaceOrientationLandscapeRight";
				INFOPLIST_KEY_UISupportedInterfaceOrientations_iPhone = "UIInterfaceOrientationPortrait UIInterfaceOrientationLandscapeLeft UIInterfaceOrientationLandscapeRight";
				LD_RUNPATH_SEARCH_PATHS = (
					"$(inherited)",
					"@executable_path/Frameworks",
				);
				MARKETING_VERSION = 1.0;
				PRODUCT_BUNDLE_IDENTIFIER = com.OmairKhan.CoffeeFinder;
				PRODUCT_NAME = "$(TARGET_NAME)";
				SWIFT_EMIT_LOC_STRINGS = YES;
				SWIFT_VERSION = 5.0;
				TARGETED_DEVICE_FAMILY = "1,2";
			};
			name = Debug;
		};
		498376332DD98D8E005CA1A4 /* Release */ = {
			isa = XCBuildConfiguration;
			buildSettings = {
				ASSETCATALOG_COMPILER_APPICON_NAME = AppIcon;
				ASSETCATALOG_COMPILER_GLOBAL_ACCENT_COLOR_NAME = AccentColor;
				CODE_SIGN_STYLE = Automatic;
				CURRENT_PROJECT_VERSION = 1;
				DEVELOPMENT_ASSET_PATHS = "\"CoffeeFinder/Preview Content\"";
				DEVELOPMENT_TEAM = KH982VV2LW;
				ENABLE_PREVIEWS = YES;
				GENERATE_INFOPLIST_FILE = YES;
				INFOPLIST_FILE = CoffeeFinder/Info.plist;
				INFOPLIST_KEY_UIApplicationSceneManifest_Generation = YES;
				INFOPLIST_KEY_UIApplicationSupportsIndirectInputEvents = YES;
				INFOPLIST_KEY_UILaunchScreen_Generation = YES;
				INFOPLIST_KEY_UISupportedInterfaceOrientations_iPad = "UIInterfaceOrientationPortrait UIInterfaceOrientationPortraitUpsideDown UIInterfaceOrientationLandscapeLeft UIInterfaceOrientationLandscapeRight";
				INFOPLIST_KEY_UISupportedInterfaceOrientations_iPhone = "UIInterfaceOrientationPortrait UIInterfaceOrientationLandscapeLeft UIInterfaceOrientationLandscapeRight";
				LD_RUNPATH_SEARCH_PATHS = (
					"$(inherited)",
					"@executable_path/Frameworks",
				);
				MARKETING_VERSION = 1.0;
				PRODUCT_BUNDLE_IDENTIFIER = com.OmairKhan.CoffeeFinder;
				PRODUCT_NAME = "$(TARGET_NAME)";
				SWIFT_EMIT_LOC_STRINGS = YES;
				SWIFT_VERSION = 5.0;
				TARGETED_DEVICE_FAMILY = "1,2";
			};
			name = Release;
		};
		498376352DD98D8E005CA1A4 /* Debug */ = {
			isa = XCBuildConfiguration;
			buildSettings = {
				ALWAYS_EMBED_SWIFT_STANDARD_LIBRARIES = YES;
				BUNDLE_LOADER = "$(TEST_HOST)";
				CODE_SIGN_STYLE = Automatic;
				CURRENT_PROJECT_VERSION = 1;
				DEVELOPMENT_TEAM = KH982VV2LW;
				GENERATE_INFOPLIST_FILE = YES;
				IPHONEOS_DEPLOYMENT_TARGET = 17.2;
				MARKETING_VERSION = 1.0;
				PRODUCT_BUNDLE_IDENTIFIER = com.OmairKhan.CoffeeFinderTests;
				PRODUCT_NAME = "$(TARGET_NAME)";
				SWIFT_EMIT_LOC_STRINGS = NO;
				SWIFT_VERSION = 5.0;
				TARGETED_DEVICE_FAMILY = "1,2";
				TEST_HOST = "$(BUILT_PRODUCTS_DIR)/CoffeeFinder.app/$(BUNDLE_EXECUTABLE_FOLDER_PATH)/CoffeeFinder";
			};
			name = Debug;
		};
		498376362DD98D8E005CA1A4 /* Release */ = {
			isa = XCBuildConfiguration;
			buildSettings = {
				ALWAYS_EMBED_SWIFT_STANDARD_LIBRARIES = YES;
				BUNDLE_LOADER = "$(TEST_HOST)";
				CODE_SIGN_STYLE = Automatic;
				CURRENT_PROJECT_VERSION = 1;
				DEVELOPMENT_TEAM = KH982VV2LW;
				GENERATE_INFOPLIST_FILE = YES;
				IPHONEOS_DEPLOYMENT_TARGET = 17.2;
				MARKETING_VERSION = 1.0;
				PRODUCT_BUNDLE_IDENTIFIER = com.OmairKhan.CoffeeFinderTests;
				PRODUCT_NAME = "$(TARGET_NAME)";
				SWIFT_EMIT_LOC_STRINGS = NO;
				SWIFT_VERSION = 5.0;
				TARGETED_DEVICE_FAMILY = "1,2";
				TEST_HOST = "$(BUILT_PRODUCTS_DIR)/CoffeeFinder.app/$(BUNDLE_EXECUTABLE_FOLDER_PATH)/CoffeeFinder";
			};
			name = Release;
		};
		498376382DD98D8E005CA1A4 /* Debug */ = {
			isa = XCBuildConfiguration;
			buildSettings = {
				ALWAYS_EMBED_SWIFT_STANDARD_LIBRARIES = YES;
				CODE_SIGN_STYLE = Automatic;
				CURRENT_PROJECT_VERSION = 1;
				DEVELOPMENT_TEAM = KH982VV2LW;
				GENERATE_INFOPLIST_FILE = YES;
				MARKETING_VERSION = 1.0;
				PRODUCT_BUNDLE_IDENTIFIER = com.OmairKhan.CoffeeFinderUITests;
				PRODUCT_NAME = "$(TARGET_NAME)";
				SWIFT_EMIT_LOC_STRINGS = NO;
				SWIFT_VERSION = 5.0;
				TARGETED_DEVICE_FAMILY = "1,2";
				TEST_TARGET_NAME = CoffeeFinder;
			};
			name = Debug;
		};
		498376392DD98D8E005CA1A4 /* Release */ = {
			isa = XCBuildConfiguration;
			buildSettings = {
				ALWAYS_EMBED_SWIFT_STANDARD_LIBRARIES = YES;
				CODE_SIGN_STYLE = Automatic;
				CURRENT_PROJECT_VERSION = 1;
				DEVELOPMENT_TEAM = KH982VV2LW;
				GENERATE_INFOPLIST_FILE = YES;
				MARKETING_VERSION = 1.0;
				PRODUCT_BUNDLE_IDENTIFIER = com.OmairKhan.CoffeeFinderUITests;
				PRODUCT_NAME = "$(TARGET_NAME)";
				SWIFT_EMIT_LOC_STRINGS = NO;
				SWIFT_VERSION = 5.0;
				TARGETED_DEVICE_FAMILY = "1,2";
				TEST_TARGET_NAME = CoffeeFinder;
			};
			name = Release;
		};
/* End XCBuildConfiguration section */

/* Begin XCConfigurationList section */
		498376082DD98D88005CA1A4 /* Build configuration list for PBXProject "CoffeeFinder" */ = {
			isa = XCConfigurationList;
			buildConfigurations = (
				4983762F2DD98D8E005CA1A4 /* Debug */,
				498376302DD98D8E005CA1A4 /* Release */,
			);
			defaultConfigurationIsVisible = 0;
			defaultConfigurationName = Release;
		};
		498376312DD98D8E005CA1A4 /* Build configuration list for PBXNativeTarget "CoffeeFinder" */ = {
			isa = XCConfigurationList;
			buildConfigurations = (
				498376322DD98D8E005CA1A4 /* Debug */,
				498376332DD98D8E005CA1A4 /* Release */,
			);
			defaultConfigurationIsVisible = 0;
			defaultConfigurationName = Release;
		};
		498376342DD98D8E005CA1A4 /* Build configuration list for PBXNativeTarget "CoffeeFinderTests" */ = {
			isa = XCConfigurationList;
			buildConfigurations = (
				498376352DD98D8E005CA1A4 /* Debug */,
				498376362DD98D8E005CA1A4 /* Release */,
			);
			defaultConfigurationIsVisible = 0;
			defaultConfigurationName = Release;
		};
		498376372DD98D8E005CA1A4 /* Build configuration list for PBXNativeTarget "CoffeeFinderUITests" */ = {
			isa = XCConfigurationList;
			buildConfigurations = (
				498376382DD98D8E005CA1A4 /* Debug */,
				498376392DD98D8E005CA1A4 /* Release */,
			);
			defaultConfigurationIsVisible = 0;
			defaultConfigurationName = Release;
		};
/* End XCConfigurationList section */
	};
	rootObject = 498376052DD98D88005CA1A4 /* Project object */;
}
